
Microsoft Visual Studio Solution File, Format Version 12.00
# Visual Studio 15
VisualStudioVersion = 15.0.28010.2016
MinimumVisualStudioVersion = 10.0.40219.1
Project("{9A19103F-16F7-4668-BE54-9A1E7A4F7556}") = "Seguradora", "WebApplication1\Seguradora.csproj", "{1EE40474-12FA-4580-BB34-25C265D16FFB}"
EndProject
Project("{9A19103F-16F7-4668-BE54-9A1E7A4F7556}") = "XUnitTestSeguradora", "XUnitTestSeguradora\XUnitTestSeguradora.csproj", "{46287008-A508-461F-8DBC-AE095DF95FE3}"
	ProjectSection(ProjectDependencies) = postProject
		{1EE40474-12FA-4580-BB34-25C265D16FFB} = {1EE40474-12FA-4580-BB34-25C265D16FFB}
	EndProjectSection
EndProject
Global
	GlobalSection(SolutionConfigurationPlatforms) = preSolution
		Debug|Any CPU = Debug|Any CPU
		Release|Any CPU = Release|Any CPU
	EndGlobalSection
	GlobalSection(ProjectConfigurationPlatforms) = postSolution
		{1EE40474-12FA-4580-BB34-25C265D16FFB}.Debug|Any CPU.ActiveCfg = Debug|Any CPU
		{1EE40474-12FA-4580-BB34-25C265D16FFB}.Debug|Any CPU.Build.0 = Debug|Any CPU
		{1EE40474-12FA-4580-BB34-25C265D16FFB}.Release|Any CPU.ActiveCfg = Release|Any CPU
		{1EE40474-12FA-4580-BB34-25C265D16FFB}.Release|Any CPU.Build.0 = Release|Any CPU
		{46287008-A508-461F-8DBC-AE095DF95FE3}.Debug|Any CPU.ActiveCfg = Debug|Any CPU
		{46287008-A508-461F-8DBC-AE095DF95FE3}.Debug|Any CPU.Build.0 = Debug|Any CPU
		{46287008-A508-461F-8DBC-AE095DF95FE3}.Release|Any CPU.ActiveCfg = Release|Any CPU
		{46287008-A508-461F-8DBC-AE095DF95FE3}.Release|Any CPU.Build.0 = Release|Any CPU
	EndGlobalSection
	GlobalSection(SolutionProperties) = preSolution
		HideSolutionNode = FALSE
	EndGlobalSection
	GlobalSection(ExtensibilityGlobals) = postSolution
		SolutionGuid = {D8E21D9A-021F-4E87-A66C-BDB76E612DB0}
	EndGlobalSection
EndGlobal
